
Microsoft Visual Studio Solution File, Format Version 12.00
# Visual Studio Version 17
VisualStudioVersion = 17.7.34221.43
MinimumVisualStudioVersion = 10.0.40219.1
Project("{FAE04EC0-301F-11D3-BF4B-00C04F79EFBC}") = "ToDoApp", "ToDoApp\ToDoApp.csproj", "{78934FDC-8861-4F6C-9D48-513C8B798D3A}"
EndProject
Project("{FAE04EC0-301F-11D3-BF4B-00C04F79EFBC}") = "ToDoApp.Data", "ToDoApp.Data\ToDoApp.Data.csproj", "{EA20F6DD-6A45-49C5-A339-6EBB52B2098C}"
EndProject
Global
	GlobalSection(SolutionConfigurationPlatforms) = preSolution
		Debug|Any CPU = Debug|Any CPU
		Release|Any CPU = Release|Any CPU
	EndGlobalSection
	GlobalSection(ProjectConfigurationPlatforms) = postSolution
		{78934FDC-8861-4F6C-9D48-513C8B798D3A}.Debug|Any CPU.ActiveCfg = Debug|Any CPU
		{78934FDC-8861-4F6C-9D48-513C8B798D3A}.Debug|Any CPU.Build.0 = Debug|Any CPU
		{78934FDC-8861-4F6C-9D48-513C8B798D3A}.Release|Any CPU.ActiveCfg = Release|Any CPU
		{78934FDC-8861-4F6C-9D48-513C8B798D3A}.Release|Any CPU.Build.0 = Release|Any CPU
		{EA20F6DD-6A45-49C5-A339-6EBB52B2098C}.Debug|Any CPU.ActiveCfg = Debug|Any CPU
		{EA20F6DD-6A45-49C5-A339-6EBB52B2098C}.Debug|Any CPU.Build.0 = Debug|Any CPU
		{EA20F6DD-6A45-49C5-A339-6EBB52B2098C}.Release|Any CPU.ActiveCfg = Release|Any CPU
		{EA20F6DD-6A45-49C5-A339-6EBB52B2098C}.Release|Any CPU.Build.0 = Release|Any CPU
	EndGlobalSection
	GlobalSection(SolutionProperties) = preSolution
		HideSolutionNode = FALSE
	EndGlobalSection
	GlobalSection(ExtensibilityGlobals) = postSolution
		SolutionGuid = {7E19D4C8-0462-4DDC-934B-411BE43F46CF}
	EndGlobalSection
EndGlobal
