
Microsoft Visual Studio Solution File, Format Version 12.00
# Visual Studio Version 17
VisualStudioVersion = 17.7.34221.43
MinimumVisualStudioVersion = 10.0.40219.1
Project("{9A19103F-16F7-4668-BE54-9A1E7A4F7556}") = "ToDoApp.Data", "ToDoApp.Data\ToDoApp.Data.csproj", "{EA20F6DD-6A45-49C5-A339-6EBB52B2098C}"
EndProject
Project("{9A19103F-16F7-4668-BE54-9A1E7A4F7556}") = "ToDoApp.Api", "ToDoApp.Api\ToDoApp.Api.csproj", "{3CAD744A-D474-476D-89EE-1774673999CA}"
EndProject
Project("{9A19103F-16F7-4668-BE54-9A1E7A4F7556}") = "ToDoApp.Services", "ToDoApp.Services\ToDoApp.Services.csproj", "{3D07E015-267C-476E-8456-77FFDA8707BC}"
EndProject
Project("{FAE04EC0-301F-11D3-BF4B-00C04F79EFBC}") = "ToDoApp.Services.Tests", "ToDoApp.Services.Tests\ToDoApp.Services.Tests.csproj", "{0D9C4622-E49F-41F7-9EFE-9F9F10D55E26}"
EndProject
Global
	GlobalSection(SolutionConfigurationPlatforms) = preSolution
		Debug|Any CPU = Debug|Any CPU
		Release|Any CPU = Release|Any CPU
	EndGlobalSection
	GlobalSection(ProjectConfigurationPlatforms) = postSolution
		{EA20F6DD-6A45-49C5-A339-6EBB52B2098C}.Debug|Any CPU.ActiveCfg = Debug|Any CPU
		{EA20F6DD-6A45-49C5-A339-6EBB52B2098C}.Debug|Any CPU.Build.0 = Debug|Any CPU
		{EA20F6DD-6A45-49C5-A339-6EBB52B2098C}.Release|Any CPU.ActiveCfg = Release|Any CPU
		{EA20F6DD-6A45-49C5-A339-6EBB52B2098C}.Release|Any CPU.Build.0 = Release|Any CPU
		{3CAD744A-D474-476D-89EE-1774673999CA}.Debug|Any CPU.ActiveCfg = Debug|Any CPU
		{3CAD744A-D474-476D-89EE-1774673999CA}.Debug|Any CPU.Build.0 = Debug|Any CPU
		{3CAD744A-D474-476D-89EE-1774673999CA}.Release|Any CPU.ActiveCfg = Release|Any CPU
		{3CAD744A-D474-476D-89EE-1774673999CA}.Release|Any CPU.Build.0 = Release|Any CPU
		{3D07E015-267C-476E-8456-77FFDA8707BC}.Debug|Any CPU.ActiveCfg = Debug|Any CPU
		{3D07E015-267C-476E-8456-77FFDA8707BC}.Debug|Any CPU.Build.0 = Debug|Any CPU
		{3D07E015-267C-476E-8456-77FFDA8707BC}.Release|Any CPU.ActiveCfg = Release|Any CPU
		{3D07E015-267C-476E-8456-77FFDA8707BC}.Release|Any CPU.Build.0 = Release|Any CPU
		{0D9C4622-E49F-41F7-9EFE-9F9F10D55E26}.Debug|Any CPU.ActiveCfg = Debug|Any CPU
		{0D9C4622-E49F-41F7-9EFE-9F9F10D55E26}.Debug|Any CPU.Build.0 = Debug|Any CPU
		{0D9C4622-E49F-41F7-9EFE-9F9F10D55E26}.Release|Any CPU.ActiveCfg = Release|Any CPU
		{0D9C4622-E49F-41F7-9EFE-9F9F10D55E26}.Release|Any CPU.Build.0 = Release|Any CPU
	EndGlobalSection
	GlobalSection(SolutionProperties) = preSolution
		HideSolutionNode = FALSE
	EndGlobalSection
	GlobalSection(ExtensibilityGlobals) = postSolution
		SolutionGuid = {7E19D4C8-0462-4DDC-934B-411BE43F46CF}
	EndGlobalSection
EndGlobal
